# Auto-generated by dotagents. Do not edit.
version = 1

[skills.dotagents]
source = "getsentry/dotagents"
resolved_url = "https://github.com/getsentry/dotagents"
resolved_path = "skills/dotagents"

[skills.agileplus-shard-lock-dag]
source = "kooshapari/AgilePlus"
resolved_url = "https://github.com/kooshapari/AgilePlus"
resolved_path = "docs/adr/0001-shard-lock-dag.md"
